
Microsoft Visual Studio Solution File, Format Version 12.00
# Visual Studio 15
VisualStudioVersion = 15.0.26730.8
MinimumVisualStudioVersion = 10.0.40219.1
Project("{FAE04EC0-301F-11D3-BF4B-00C04F79EFBC}") = "DinerMax3000Console", "DinerMax3000Console\DinerMax3000Console.csproj", "{EC196A78-083B-44D8-9ED4-11CE44F177E4}"
EndProject
Project("{FAE04EC0-301F-11D3-BF4B-00C04F79EFBC}") = "DinerMax3000BusinessLayer", "DinerMax3000BusinessLayer\DinerMax3000BusinessLayer.csproj", "{63C37B40-3CA8-41A8-A1EB-23FC4C3B81B0}"
EndProject
Global
	GlobalSection(SolutionConfigurationPlatforms) = preSolution
		Debug|Any CPU = Debug|Any CPU
		Release|Any CPU = Release|Any CPU
	EndGlobalSection
	GlobalSection(ProjectConfigurationPlatforms) = postSolution
		{EC196A78-083B-44D8-9ED4-11CE44F177E4}.Debug|Any CPU.ActiveCfg = Debug|Any CPU
		{EC196A78-083B-44D8-9ED4-11CE44F177E4}.Debug|Any CPU.Build.0 = Debug|Any CPU
		{EC196A78-083B-44D8-9ED4-11CE44F177E4}.Release|Any CPU.ActiveCfg = Release|Any CPU
		{EC196A78-083B-44D8-9ED4-11CE44F177E4}.Release|Any CPU.Build.0 = Release|Any CPU
		{63C37B40-3CA8-41A8-A1EB-23FC4C3B81B0}.Debug|Any CPU.ActiveCfg = Debug|Any CPU
		{63C37B40-3CA8-41A8-A1EB-23FC4C3B81B0}.Debug|Any CPU.Build.0 = Debug|Any CPU
		{63C37B40-3CA8-41A8-A1EB-23FC4C3B81B0}.Release|Any CPU.ActiveCfg = Release|Any CPU
		{63C37B40-3CA8-41A8-A1EB-23FC4C3B81B0}.Release|Any CPU.Build.0 = Release|Any CPU
	EndGlobalSection
	GlobalSection(SolutionProperties) = preSolution
		HideSolutionNode = FALSE
	EndGlobalSection
	GlobalSection(ExtensibilityGlobals) = postSolution
		SolutionGuid = {363CED5E-C64B-4930-B57F-4A640FBDAE43}
	EndGlobalSection
EndGlobal
