
Microsoft Visual Studio Solution File, Format Version 12.00
# Visual Studio 15
VisualStudioVersion = 15.0.26730.8
MinimumVisualStudioVersion = 10.0.40219.1
Project("{FAE04EC0-301F-11D3-BF4B-00C04F79EFBC}") = "ShoppingForm", "ShoppingForm\ShoppingForm.csproj", "{0EE7E9AE-173E-4A54-A875-46957289DB48}"
EndProject
Global
	GlobalSection(SolutionConfigurationPlatforms) = preSolution
		Debug|Any CPU = Debug|Any CPU
		Release|Any CPU = Release|Any CPU
	EndGlobalSection
	GlobalSection(ProjectConfigurationPlatforms) = postSolution
		{0EE7E9AE-173E-4A54-A875-46957289DB48}.Debug|Any CPU.ActiveCfg = Debug|Any CPU
		{0EE7E9AE-173E-4A54-A875-46957289DB48}.Debug|Any CPU.Build.0 = Debug|Any CPU
		{0EE7E9AE-173E-4A54-A875-46957289DB48}.Release|Any CPU.ActiveCfg = Release|Any CPU
		{0EE7E9AE-173E-4A54-A875-46957289DB48}.Release|Any CPU.Build.0 = Release|Any CPU
	EndGlobalSection
	GlobalSection(SolutionProperties) = preSolution
		HideSolutionNode = FALSE
	EndGlobalSection
	GlobalSection(ExtensibilityGlobals) = postSolution
		SolutionGuid = {CE65807E-8774-4956-B4AD-8226A5978A6D}
	EndGlobalSection
EndGlobal
